
Microsoft Visual Studio Solution File, Format Version 12.00
# Visual Studio 15
VisualStudioVersion = 15.0.27130.2036
MinimumVisualStudioVersion = 10.0.40219.1
Project("{FAE04EC0-301F-11D3-BF4B-00C04F79EFBC}") = "RevenjTutorial1", "RevenjTutorial1\RevenjTutorial1.csproj", "{F32A68A9-D17D-479E-A47A-DAFBE2B4F266}"
EndProject
Project("{2150E333-8FDC-42A3-9474-1A3956D46DE8}") = "Solution Items", "Solution Items", "{EDDA98BE-9D6F-4D14-BF04-43D4D9945809}"
	ProjectSection(SolutionItems) = preProject
		dependencies\Postgres\Revenj.Http.exe.config = dependencies\Postgres\Revenj.Http.exe.config
	EndProjectSection
EndProject
Global
	GlobalSection(SolutionConfigurationPlatforms) = preSolution
		Debug|Any CPU = Debug|Any CPU
		Release|Any CPU = Release|Any CPU
	EndGlobalSection
	GlobalSection(ProjectConfigurationPlatforms) = postSolution
		{F32A68A9-D17D-479E-A47A-DAFBE2B4F266}.Debug|Any CPU.ActiveCfg = Debug|Any CPU
		{F32A68A9-D17D-479E-A47A-DAFBE2B4F266}.Debug|Any CPU.Build.0 = Debug|Any CPU
		{F32A68A9-D17D-479E-A47A-DAFBE2B4F266}.Release|Any CPU.ActiveCfg = Release|Any CPU
		{F32A68A9-D17D-479E-A47A-DAFBE2B4F266}.Release|Any CPU.Build.0 = Release|Any CPU
	EndGlobalSection
	GlobalSection(SolutionProperties) = preSolution
		HideSolutionNode = FALSE
	EndGlobalSection
	GlobalSection(ExtensibilityGlobals) = postSolution
		SolutionGuid = {371BF45F-A44B-41EC-BAEE-5B9440CF477C}
	EndGlobalSection
	GlobalSection(DslPlatformSolutionProperties) = preSolution
		Postgres.ConnectionString = server=localhost;port=5432;database=revenjtutorial1;user=postgres;password=postgres;encoding=unicode
		Postgres.SqlScriptsPath = scripts
		Postgres.ConfirmUnsafe = True
		Postgres.ApplyMigration = True
		Postgres.CompileMigration = True
		Poco.Name = Sigma.DSL.Common
		Poco.Target = Common\Lib\Revenj
		Poco.Dependencies = Common\Lib\Revenj\POCO
		Poco.UseUtc = True
		Client.Name = Sigma.DSL.Client
		Client.Target = Front-end\Lib\Revenj
		Client.Dependencies = Front-end\Lib\Revenj\Client
		Client.UseUtc = True
		Php.Name = Php
		Php.Target = Php
		Wpf.Name = Sigma.Client.Model.WPF
		Wpf.Target = Front-end\Lib\
		Wpf.Dependencies = Front-end\Lib\Revenj\WPF
		Postgres.Compile = True
		Postgres.Name = Sigma.DSL.Postgres
		Postgres.Target = Lib\Revenj
		Postgres.Dependencies = Lib\Revenj\Postgres
		Postgres.UseUtc = True
		Postgres.MinimalSerialization = True
		Postgres.NoPrepareExecute = True
	EndGlobalSection
EndGlobal
