
Microsoft Visual Studio Solution File, Format Version 12.00
# Visual Studio Version 16
VisualStudioVersion = 16.0.31424.327
MinimumVisualStudioVersion = 10.0.40219.1
Project("{9A19103F-16F7-4668-BE54-9A1E7A4F7556}") = "AspNetTutorial", "AspNetTutorial.csproj", "{AB65D119-222D-4C9A-85DF-47E99E397F19}"
EndProject
Global
	GlobalSection(SolutionConfigurationPlatforms) = preSolution
		Debug|Any CPU = Debug|Any CPU
		Release|Any CPU = Release|Any CPU
	EndGlobalSection
	GlobalSection(ProjectConfigurationPlatforms) = postSolution
		{AB65D119-222D-4C9A-85DF-47E99E397F19}.Debug|Any CPU.ActiveCfg = Debug|Any CPU
		{AB65D119-222D-4C9A-85DF-47E99E397F19}.Debug|Any CPU.Build.0 = Debug|Any CPU
		{AB65D119-222D-4C9A-85DF-47E99E397F19}.Release|Any CPU.ActiveCfg = Release|Any CPU
		{AB65D119-222D-4C9A-85DF-47E99E397F19}.Release|Any CPU.Build.0 = Release|Any CPU
	EndGlobalSection
	GlobalSection(SolutionProperties) = preSolution
		HideSolutionNode = FALSE
	EndGlobalSection
	GlobalSection(ExtensibilityGlobals) = postSolution
		SolutionGuid = {28345340-2DF8-42E6-86E9-D01F657CB104}
	EndGlobalSection
	GlobalSection(DslPlatformSolutionProperties) = preSolution
		Postgres.ConnectionString = server=localhost;database=tutorial2;user=revenj;password=revenj
		Postgres.ApplyMigration = True
		Postgres.CompileMigration = True
		Poco.BuildType = DotNetStandard
		Poco.Name = RatingSystem.DSL
		Poco.Target = Common\Lib
		Poco.Dependencies = Common\Lib\Revenj\POCO
		Poco.UseUtc = True
		Client.Name = RatingSystem.DSL
		Client.Target = Front-end\Lib\Revenj
		Client.Dependencies = Front-end\Lib\Revenj\Client
		Client.ActiveRecord = False
		Client.HelperMethods = False
		Client.UseUtc = True
		Portable.Target = Client\lib
		Portable.Dependencies = Client\Revenj.Client.Portable\bin\Release
		Wpf.Name = RatingSystem.Client.Model.WPF
		Wpf.Target = Front-end\Lib\
		Wpf.Dependencies = Front-end\Lib\Revenj\WPF
		Postgres.Compile = True
		Postgres.BuildType = DotNetStandard
		Postgres.Name = Model
		Postgres.Target = Back-end\Lib\Revenj
		Postgres.Dependencies = 
		Postgres.Nugets = revenj:1.5.1; :
		Postgres.UseUtc = True
		Postgres.NoPrepareExecute = True
	EndGlobalSection
EndGlobal
